
Microsoft Visual Studio Solution File, Format Version 12.00
# Visual Studio Version 17
VisualStudioVersion = 17.5.002.0
MinimumVisualStudioVersion = 10.0.40219.1
Project("{2150E333-8FDC-42A3-9474-1A3956D46DE8}") = "api", "api", "{F2628C31-B5D2-4990-81D2-DDF85F50536B}"
EndProject
Project("{2150E333-8FDC-42A3-9474-1A3956D46DE8}") = "src", "src", "{E565C9C8-FB1B-4D2B-9DEF-BB62A1C8665D}"
EndProject
Project("{9A19103F-16F7-4668-BE54-9A1E7A4F7556}") = "App", "api\src\App\App.csproj", "{2E50D3C1-8E22-432F-A76B-109F081AD0ED}"
EndProject
Global
	GlobalSection(SolutionConfigurationPlatforms) = preSolution
		Debug|Any CPU = Debug|Any CPU
		Release|Any CPU = Release|Any CPU
	EndGlobalSection
	GlobalSection(ProjectConfigurationPlatforms) = postSolution
		{2E50D3C1-8E22-432F-A76B-109F081AD0ED}.Debug|Any CPU.ActiveCfg = Debug|Any CPU
		{2E50D3C1-8E22-432F-A76B-109F081AD0ED}.Debug|Any CPU.Build.0 = Debug|Any CPU
		{2E50D3C1-8E22-432F-A76B-109F081AD0ED}.Release|Any CPU.ActiveCfg = Release|Any CPU
		{2E50D3C1-8E22-432F-A76B-109F081AD0ED}.Release|Any CPU.Build.0 = Release|Any CPU
	EndGlobalSection
	GlobalSection(SolutionProperties) = preSolution
		HideSolutionNode = FALSE
	EndGlobalSection
	GlobalSection(NestedProjects) = preSolution
		{E565C9C8-FB1B-4D2B-9DEF-BB62A1C8665D} = {F2628C31-B5D2-4990-81D2-DDF85F50536B}
		{2E50D3C1-8E22-432F-A76B-109F081AD0ED} = {E565C9C8-FB1B-4D2B-9DEF-BB62A1C8665D}
	EndGlobalSection
	GlobalSection(ExtensibilityGlobals) = postSolution
		SolutionGuid = {F23D6DB7-4816-41A7-ACD2-1BECB1391709}
	EndGlobalSection
EndGlobal
